
Microsoft Visual Studio Solution File, Format Version 12.00
# Visual Studio Version 17
VisualStudioVersion = 17.0.31611.283
MinimumVisualStudioVersion = 10.0.40219.1
Project("{9A19103F-16F7-4668-BE54-9A1E7A4F7556}") = "ItemWebApi", "ItemWebApi\ItemWebApi.csproj", "{F0A075F1-AEE3-43A1-A99A-4608101F1634}"
EndProject
Project("{9A19103F-16F7-4668-BE54-9A1E7A4F7556}") = "GenericHttpClientRepository", "..\src\GenericHttpClientRepository\GenericHttpClientRepository.csproj", "{2AAB621D-87AE-494A-AD6D-9EA042817294}"
EndProject
Project("{9A19103F-16F7-4668-BE54-9A1E7A4F7556}") = "MauiTodoApp", "MauiTodoApp\MauiTodoApp.csproj", "{2EF2663B-8E19-47E7-96E4-3AB9D3B4E5B7}"
EndProject
Project("{2150E333-8FDC-42A3-9474-1A3956D46DE8}") = "Solution Items", "Solution Items", "{5B8E8F57-8934-4446-A53F-A72DC2B0EA4C}"
	ProjectSection(SolutionItems) = preProject
		README.md = README.md
	EndProjectSection
EndProject
Global
	GlobalSection(SolutionConfigurationPlatforms) = preSolution
		Debug|Any CPU = Debug|Any CPU
		Release|Any CPU = Release|Any CPU
	EndGlobalSection
	GlobalSection(ProjectConfigurationPlatforms) = postSolution
		{F0A075F1-AEE3-43A1-A99A-4608101F1634}.Debug|Any CPU.ActiveCfg = Debug|Any CPU
		{F0A075F1-AEE3-43A1-A99A-4608101F1634}.Debug|Any CPU.Build.0 = Debug|Any CPU
		{F0A075F1-AEE3-43A1-A99A-4608101F1634}.Release|Any CPU.ActiveCfg = Release|Any CPU
		{F0A075F1-AEE3-43A1-A99A-4608101F1634}.Release|Any CPU.Build.0 = Release|Any CPU
		{2AAB621D-87AE-494A-AD6D-9EA042817294}.Debug|Any CPU.ActiveCfg = Debug|Any CPU
		{2AAB621D-87AE-494A-AD6D-9EA042817294}.Debug|Any CPU.Build.0 = Debug|Any CPU
		{2AAB621D-87AE-494A-AD6D-9EA042817294}.Release|Any CPU.ActiveCfg = Release|Any CPU
		{2AAB621D-87AE-494A-AD6D-9EA042817294}.Release|Any CPU.Build.0 = Release|Any CPU
		{2EF2663B-8E19-47E7-96E4-3AB9D3B4E5B7}.Debug|Any CPU.ActiveCfg = Debug|Any CPU
		{2EF2663B-8E19-47E7-96E4-3AB9D3B4E5B7}.Debug|Any CPU.Build.0 = Debug|Any CPU
		{2EF2663B-8E19-47E7-96E4-3AB9D3B4E5B7}.Debug|Any CPU.Deploy.0 = Debug|Any CPU
		{2EF2663B-8E19-47E7-96E4-3AB9D3B4E5B7}.Release|Any CPU.ActiveCfg = Release|Any CPU
		{2EF2663B-8E19-47E7-96E4-3AB9D3B4E5B7}.Release|Any CPU.Build.0 = Release|Any CPU
		{2EF2663B-8E19-47E7-96E4-3AB9D3B4E5B7}.Release|Any CPU.Deploy.0 = Release|Any CPU
	EndGlobalSection
	GlobalSection(SolutionProperties) = preSolution
		HideSolutionNode = FALSE
	EndGlobalSection
	GlobalSection(ExtensibilityGlobals) = postSolution
		SolutionGuid = {61F7FB11-1E47-470C-91E2-47F8143E1572}
	EndGlobalSection
EndGlobal
