
Microsoft Visual Studio Solution File, Format Version 12.00
# Visual Studio Version 17
VisualStudioVersion = 17.7.34009.444
MinimumVisualStudioVersion = 10.0.40219.1
Project("{9A19103F-16F7-4668-BE54-9A1E7A4F7556}") = "GenericHttpClientRepository", "GenericHttpClientRepository\GenericHttpClientRepository.csproj", "{7337097F-E36A-40D3-AAFB-6EA3F6EDD05A}"
EndProject
Global
	GlobalSection(SolutionConfigurationPlatforms) = preSolution
		Debug|Any CPU = Debug|Any CPU
		Release|Any CPU = Release|Any CPU
	EndGlobalSection
	GlobalSection(ProjectConfigurationPlatforms) = postSolution
		{7337097F-E36A-40D3-AAFB-6EA3F6EDD05A}.Debug|Any CPU.ActiveCfg = Debug|Any CPU
		{7337097F-E36A-40D3-AAFB-6EA3F6EDD05A}.Debug|Any CPU.Build.0 = Debug|Any CPU
		{7337097F-E36A-40D3-AAFB-6EA3F6EDD05A}.Release|Any CPU.ActiveCfg = Release|Any CPU
		{7337097F-E36A-40D3-AAFB-6EA3F6EDD05A}.Release|Any CPU.Build.0 = Release|Any CPU
	EndGlobalSection
	GlobalSection(SolutionProperties) = preSolution
		HideSolutionNode = FALSE
	EndGlobalSection
	GlobalSection(ExtensibilityGlobals) = postSolution
		SolutionGuid = {362D5A50-3C06-410D-AB40-BFB7E72440D8}
	EndGlobalSection
EndGlobal
